
Microsoft Visual Studio Solution File, Format Version 12.00
# Visual Studio Version 17
VisualStudioVersion = 17.6.33829.357
MinimumVisualStudioVersion = 10.0.40219.1
Project("{FAE04EC0-301F-11D3-BF4B-00C04F79EFBC}") = "01. Email Validator", "01. Email Validator\01. Email Validator.csproj", "{4DD69053-EA71-4A15-92A2-2673C153AFC9}"
EndProject
Project("{FAE04EC0-301F-11D3-BF4B-00C04F79EFBC}") = "02. Message Encrypter", "02. Message Encrypter\02. Message Encrypter.csproj", "{8CBF5987-4906-4C45-BA6F-E79A1B708CAF}"
EndProject
Project("{FAE04EC0-301F-11D3-BF4B-00C04F79EFBC}") = "03. Bakery Shop", "03. Bakery Shop\03. Bakery Shop.csproj", "{2B51B6A1-8802-495D-9354-56558EBA6AD2}"
EndProject
Global
	GlobalSection(SolutionConfigurationPlatforms) = preSolution
		Debug|Any CPU = Debug|Any CPU
		Release|Any CPU = Release|Any CPU
	EndGlobalSection
	GlobalSection(ProjectConfigurationPlatforms) = postSolution
		{4DD69053-EA71-4A15-92A2-2673C153AFC9}.Debug|Any CPU.ActiveCfg = Debug|Any CPU
		{4DD69053-EA71-4A15-92A2-2673C153AFC9}.Debug|Any CPU.Build.0 = Debug|Any CPU
		{4DD69053-EA71-4A15-92A2-2673C153AFC9}.Release|Any CPU.ActiveCfg = Release|Any CPU
		{4DD69053-EA71-4A15-92A2-2673C153AFC9}.Release|Any CPU.Build.0 = Release|Any CPU
		{8CBF5987-4906-4C45-BA6F-E79A1B708CAF}.Debug|Any CPU.ActiveCfg = Debug|Any CPU
		{8CBF5987-4906-4C45-BA6F-E79A1B708CAF}.Debug|Any CPU.Build.0 = Debug|Any CPU
		{8CBF5987-4906-4C45-BA6F-E79A1B708CAF}.Release|Any CPU.ActiveCfg = Release|Any CPU
		{8CBF5987-4906-4C45-BA6F-E79A1B708CAF}.Release|Any CPU.Build.0 = Release|Any CPU
		{2B51B6A1-8802-495D-9354-56558EBA6AD2}.Debug|Any CPU.ActiveCfg = Debug|Any CPU
		{2B51B6A1-8802-495D-9354-56558EBA6AD2}.Debug|Any CPU.Build.0 = Debug|Any CPU
		{2B51B6A1-8802-495D-9354-56558EBA6AD2}.Release|Any CPU.ActiveCfg = Release|Any CPU
		{2B51B6A1-8802-495D-9354-56558EBA6AD2}.Release|Any CPU.Build.0 = Release|Any CPU
	EndGlobalSection
	GlobalSection(SolutionProperties) = preSolution
		HideSolutionNode = FALSE
	EndGlobalSection
	GlobalSection(ExtensibilityGlobals) = postSolution
		SolutionGuid = {762ED591-07CB-43CB-8922-C0EC63694E0C}
	EndGlobalSection
EndGlobal
