
Microsoft Visual Studio Solution File, Format Version 12.00
# Visual Studio Version 17
VisualStudioVersion = 17.6.33829.357
MinimumVisualStudioVersion = 10.0.40219.1
Project("{FAE04EC0-301F-11D3-BF4B-00C04F79EFBC}") = "01", "01\01.csproj", "{7BFEE64A-8C39-4CCF-B948-FB4BD7CF6B14}"
EndProject
Project("{FAE04EC0-301F-11D3-BF4B-00C04F79EFBC}") = "02. Encrypting Password", "02. Encrypting Password\02. Encrypting Password.csproj", "{B1981F80-A949-4504-8B2B-E4924432DA90}"
EndProject
Project("{FAE04EC0-301F-11D3-BF4B-00C04F79EFBC}") = "03. Messages Manager", "03. Messages Manager\03. Messages Manager.csproj", "{6921BE1E-DAA7-4817-BAFD-0540DDF5072E}"
EndProject
Global
	GlobalSection(SolutionConfigurationPlatforms) = preSolution
		Debug|Any CPU = Debug|Any CPU
		Release|Any CPU = Release|Any CPU
	EndGlobalSection
	GlobalSection(ProjectConfigurationPlatforms) = postSolution
		{7BFEE64A-8C39-4CCF-B948-FB4BD7CF6B14}.Debug|Any CPU.ActiveCfg = Debug|Any CPU
		{7BFEE64A-8C39-4CCF-B948-FB4BD7CF6B14}.Debug|Any CPU.Build.0 = Debug|Any CPU
		{7BFEE64A-8C39-4CCF-B948-FB4BD7CF6B14}.Release|Any CPU.ActiveCfg = Release|Any CPU
		{7BFEE64A-8C39-4CCF-B948-FB4BD7CF6B14}.Release|Any CPU.Build.0 = Release|Any CPU
		{B1981F80-A949-4504-8B2B-E4924432DA90}.Debug|Any CPU.ActiveCfg = Debug|Any CPU
		{B1981F80-A949-4504-8B2B-E4924432DA90}.Debug|Any CPU.Build.0 = Debug|Any CPU
		{B1981F80-A949-4504-8B2B-E4924432DA90}.Release|Any CPU.ActiveCfg = Release|Any CPU
		{B1981F80-A949-4504-8B2B-E4924432DA90}.Release|Any CPU.Build.0 = Release|Any CPU
		{6921BE1E-DAA7-4817-BAFD-0540DDF5072E}.Debug|Any CPU.ActiveCfg = Debug|Any CPU
		{6921BE1E-DAA7-4817-BAFD-0540DDF5072E}.Debug|Any CPU.Build.0 = Debug|Any CPU
		{6921BE1E-DAA7-4817-BAFD-0540DDF5072E}.Release|Any CPU.ActiveCfg = Release|Any CPU
		{6921BE1E-DAA7-4817-BAFD-0540DDF5072E}.Release|Any CPU.Build.0 = Release|Any CPU
	EndGlobalSection
	GlobalSection(SolutionProperties) = preSolution
		HideSolutionNode = FALSE
	EndGlobalSection
	GlobalSection(ExtensibilityGlobals) = postSolution
		SolutionGuid = {52E4EA25-294B-481C-9BBC-639F33FA209B}
	EndGlobalSection
EndGlobal
