
Microsoft Visual Studio Solution File, Format Version 12.00
# Visual Studio Version 16
VisualStudioVersion = 16.0.33529.622
MinimumVisualStudioVersion = 10.0.40219.1
Project("{9A19103F-16F7-4668-BE54-9A1E7A4F7556}") = "01. Count Real Numbers", "01. Count Real Numbers\01. Count Real Numbers.csproj", "{3151E820-BCDD-4655-A6EE-B9B1E5CB1A0F}"
EndProject
Project("{9A19103F-16F7-4668-BE54-9A1E7A4F7556}") = "02. Odd Occurrences", "02. Odd Occurrences\02. Odd Occurrences.csproj", "{F4A55BFE-5D9E-42E8-A078-B41F5E095848}"
EndProject
Project("{FAE04EC0-301F-11D3-BF4B-00C04F79EFBC}") = "03. Word Synonyms", "03. Word Synonyms\03. Word Synonyms.csproj", "{7E1BB3EF-EB8F-4EC0-93FC-CCF75A944BC3}"
EndProject
Project("{FAE04EC0-301F-11D3-BF4B-00C04F79EFBC}") = "04. Word Filter", "04. Word Filter\04. Word Filter.csproj", "{01169801-D2CB-4C3B-A21A-8325A7795BA4}"
EndProject
Global
	GlobalSection(SolutionConfigurationPlatforms) = preSolution
		Debug|Any CPU = Debug|Any CPU
		Release|Any CPU = Release|Any CPU
	EndGlobalSection
	GlobalSection(ProjectConfigurationPlatforms) = postSolution
		{3151E820-BCDD-4655-A6EE-B9B1E5CB1A0F}.Debug|Any CPU.ActiveCfg = Debug|Any CPU
		{3151E820-BCDD-4655-A6EE-B9B1E5CB1A0F}.Debug|Any CPU.Build.0 = Debug|Any CPU
		{3151E820-BCDD-4655-A6EE-B9B1E5CB1A0F}.Release|Any CPU.ActiveCfg = Release|Any CPU
		{3151E820-BCDD-4655-A6EE-B9B1E5CB1A0F}.Release|Any CPU.Build.0 = Release|Any CPU
		{F4A55BFE-5D9E-42E8-A078-B41F5E095848}.Debug|Any CPU.ActiveCfg = Debug|Any CPU
		{F4A55BFE-5D9E-42E8-A078-B41F5E095848}.Debug|Any CPU.Build.0 = Debug|Any CPU
		{F4A55BFE-5D9E-42E8-A078-B41F5E095848}.Release|Any CPU.ActiveCfg = Release|Any CPU
		{F4A55BFE-5D9E-42E8-A078-B41F5E095848}.Release|Any CPU.Build.0 = Release|Any CPU
		{7E1BB3EF-EB8F-4EC0-93FC-CCF75A944BC3}.Debug|Any CPU.ActiveCfg = Debug|Any CPU
		{7E1BB3EF-EB8F-4EC0-93FC-CCF75A944BC3}.Debug|Any CPU.Build.0 = Debug|Any CPU
		{7E1BB3EF-EB8F-4EC0-93FC-CCF75A944BC3}.Release|Any CPU.ActiveCfg = Release|Any CPU
		{7E1BB3EF-EB8F-4EC0-93FC-CCF75A944BC3}.Release|Any CPU.Build.0 = Release|Any CPU
		{01169801-D2CB-4C3B-A21A-8325A7795BA4}.Debug|Any CPU.ActiveCfg = Debug|Any CPU
		{01169801-D2CB-4C3B-A21A-8325A7795BA4}.Debug|Any CPU.Build.0 = Debug|Any CPU
		{01169801-D2CB-4C3B-A21A-8325A7795BA4}.Release|Any CPU.ActiveCfg = Release|Any CPU
		{01169801-D2CB-4C3B-A21A-8325A7795BA4}.Release|Any CPU.Build.0 = Release|Any CPU
	EndGlobalSection
	GlobalSection(SolutionProperties) = preSolution
		HideSolutionNode = FALSE
	EndGlobalSection
	GlobalSection(ExtensibilityGlobals) = postSolution
		SolutionGuid = {DBAE9B8C-F199-4262-9814-14C636861C52}
	EndGlobalSection
EndGlobal
