
Microsoft Visual Studio Solution File, Format Version 12.00
# Visual Studio Version 17
VisualStudioVersion = 17.7.34031.279
MinimumVisualStudioVersion = 10.0.40219.1
Project("{FAE04EC0-301F-11D3-BF4B-00C04F79EFBC}") = "PersonsInfo", "PersonInfo\PersonsInfo.csproj", "{BAB8DC44-247B-4C96-B883-CB817A601147}"
EndProject
Global
	GlobalSection(SolutionConfigurationPlatforms) = preSolution
		Debug|Any CPU = Debug|Any CPU
		Release|Any CPU = Release|Any CPU
	EndGlobalSection
	GlobalSection(ProjectConfigurationPlatforms) = postSolution
		{BAB8DC44-247B-4C96-B883-CB817A601147}.Debug|Any CPU.ActiveCfg = Debug|Any CPU
		{BAB8DC44-247B-4C96-B883-CB817A601147}.Debug|Any CPU.Build.0 = Debug|Any CPU
		{BAB8DC44-247B-4C96-B883-CB817A601147}.Release|Any CPU.ActiveCfg = Release|Any CPU
		{BAB8DC44-247B-4C96-B883-CB817A601147}.Release|Any CPU.Build.0 = Release|Any CPU
	EndGlobalSection
	GlobalSection(SolutionProperties) = preSolution
		HideSolutionNode = FALSE
	EndGlobalSection
	GlobalSection(ExtensibilityGlobals) = postSolution
		SolutionGuid = {F7B5C335-3B41-4784-A51B-4B6B0AAF0BB6}
	EndGlobalSection
EndGlobal
