
Microsoft Visual Studio Solution File, Format Version 12.00
# Visual Studio Version 17
VisualStudioVersion = 17.10.35027.167
MinimumVisualStudioVersion = 10.0.40219.1
Project("{FAE04EC0-301F-11D3-BF4B-00C04F79EFBC}") = "MVCIntroDemo", "MVCIntroDemo\MVCIntroDemo.csproj", "{D3FDD6ED-329F-4B0A-BC8D-C7B60CBA5AB7}"
EndProject
Global
	GlobalSection(SolutionConfigurationPlatforms) = preSolution
		Debug|Any CPU = Debug|Any CPU
		Release|Any CPU = Release|Any CPU
	EndGlobalSection
	GlobalSection(ProjectConfigurationPlatforms) = postSolution
		{D3FDD6ED-329F-4B0A-BC8D-C7B60CBA5AB7}.Debug|Any CPU.ActiveCfg = Debug|Any CPU
		{D3FDD6ED-329F-4B0A-BC8D-C7B60CBA5AB7}.Debug|Any CPU.Build.0 = Debug|Any CPU
		{D3FDD6ED-329F-4B0A-BC8D-C7B60CBA5AB7}.Release|Any CPU.ActiveCfg = Release|Any CPU
		{D3FDD6ED-329F-4B0A-BC8D-C7B60CBA5AB7}.Release|Any CPU.Build.0 = Release|Any CPU
	EndGlobalSection
	GlobalSection(SolutionProperties) = preSolution
		HideSolutionNode = FALSE
	EndGlobalSection
	GlobalSection(ExtensibilityGlobals) = postSolution
		SolutionGuid = {1FB4FB59-5472-4C2D-AA96-186B82836D9B}
	EndGlobalSection
EndGlobal
