
Microsoft Visual Studio Solution File, Format Version 12.00
# Visual Studio Version 17
VisualStudioVersion = 17.7.34221.43
MinimumVisualStudioVersion = 10.0.40219.1
Project("{9A19103F-16F7-4668-BE54-9A1E7A4F7556}") = "ClassBoxData", "ClassBoxData\ClassBoxData.csproj", "{EA003255-4A99-418B-AD1E-8FF7A2C12F09}"
EndProject
Project("{9A19103F-16F7-4668-BE54-9A1E7A4F7556}") = "AnimalFarm", "02. Animal Farm_Skeleton_6.0\AnimalFarm\AnimalFarm.csproj", "{C16A64A0-04F2-4792-8D8C-866C15579EC9}"
EndProject
Project("{9A19103F-16F7-4668-BE54-9A1E7A4F7556}") = "ShoppingSpree", "ShoppingSpree\ShoppingSpree.csproj", "{51DE86D3-9E43-40A7-B571-A4DB9CF72694}"
EndProject
Project("{FAE04EC0-301F-11D3-BF4B-00C04F79EFBC}") = "PizzaCalories", "PizzaCalories\PizzaCalories.csproj", "{DE857D02-A991-434C-8568-F15DF440719B}"
EndProject
Global
	GlobalSection(SolutionConfigurationPlatforms) = preSolution
		Debug|Any CPU = Debug|Any CPU
		Release|Any CPU = Release|Any CPU
	EndGlobalSection
	GlobalSection(ProjectConfigurationPlatforms) = postSolution
		{EA003255-4A99-418B-AD1E-8FF7A2C12F09}.Debug|Any CPU.ActiveCfg = Debug|Any CPU
		{EA003255-4A99-418B-AD1E-8FF7A2C12F09}.Debug|Any CPU.Build.0 = Debug|Any CPU
		{EA003255-4A99-418B-AD1E-8FF7A2C12F09}.Release|Any CPU.ActiveCfg = Release|Any CPU
		{EA003255-4A99-418B-AD1E-8FF7A2C12F09}.Release|Any CPU.Build.0 = Release|Any CPU
		{C16A64A0-04F2-4792-8D8C-866C15579EC9}.Debug|Any CPU.ActiveCfg = Debug|Any CPU
		{C16A64A0-04F2-4792-8D8C-866C15579EC9}.Debug|Any CPU.Build.0 = Debug|Any CPU
		{C16A64A0-04F2-4792-8D8C-866C15579EC9}.Release|Any CPU.ActiveCfg = Release|Any CPU
		{C16A64A0-04F2-4792-8D8C-866C15579EC9}.Release|Any CPU.Build.0 = Release|Any CPU
		{51DE86D3-9E43-40A7-B571-A4DB9CF72694}.Debug|Any CPU.ActiveCfg = Debug|Any CPU
		{51DE86D3-9E43-40A7-B571-A4DB9CF72694}.Debug|Any CPU.Build.0 = Debug|Any CPU
		{51DE86D3-9E43-40A7-B571-A4DB9CF72694}.Release|Any CPU.ActiveCfg = Release|Any CPU
		{51DE86D3-9E43-40A7-B571-A4DB9CF72694}.Release|Any CPU.Build.0 = Release|Any CPU
		{DE857D02-A991-434C-8568-F15DF440719B}.Debug|Any CPU.ActiveCfg = Debug|Any CPU
		{DE857D02-A991-434C-8568-F15DF440719B}.Debug|Any CPU.Build.0 = Debug|Any CPU
		{DE857D02-A991-434C-8568-F15DF440719B}.Release|Any CPU.ActiveCfg = Release|Any CPU
		{DE857D02-A991-434C-8568-F15DF440719B}.Release|Any CPU.Build.0 = Release|Any CPU
	EndGlobalSection
	GlobalSection(SolutionProperties) = preSolution
		HideSolutionNode = FALSE
	EndGlobalSection
	GlobalSection(ExtensibilityGlobals) = postSolution
		SolutionGuid = {0DE64317-DD5A-4669-811D-8A07E19F9137}
	EndGlobalSection
EndGlobal
