
Microsoft Visual Studio Solution File, Format Version 12.00
# Visual Studio Version 16
VisualStudioVersion = 16.0.33529.622
MinimumVisualStudioVersion = 10.0.40219.1
Project("{9A19103F-16F7-4668-BE54-9A1E7A4F7556}") = "02. Articles", "02. Articles\02. Articles.csproj", "{9B7B8C87-A8DA-42D7-8288-720ADCDF7800}"
EndProject
Project("{9A19103F-16F7-4668-BE54-9A1E7A4F7556}") = "03. Articles 2.0", "03. Articles 2.0\03. Articles 2.0.csproj", "{9297FCC9-D7B4-4F6F-882F-952A4A62D0C0}"
EndProject
Project("{9A19103F-16F7-4668-BE54-9A1E7A4F7556}") = "04. Students", "04. Students\04. Students.csproj", "{4CC4B853-D61C-45AC-B212-7F217D75F2BA}"
EndProject
Project("{9A19103F-16F7-4668-BE54-9A1E7A4F7556}") = "05. Teamwork Projects", "05. Teamwork Projects\05. Teamwork Projects.csproj", "{A713EDCD-2F33-4790-8F0F-5FB288FA80C2}"
EndProject
Project("{9A19103F-16F7-4668-BE54-9A1E7A4F7556}") = "06. Vehicle Catalogue", "06. Vehicle Catalogue\06. Vehicle Catalogue.csproj", "{9A7114A7-0F70-47D0-8419-6C35F124358C}"
EndProject
Project("{FAE04EC0-301F-11D3-BF4B-00C04F79EFBC}") = "07. Order by Age", "07. Order by Age\07. Order by Age.csproj", "{DDFD45CA-0CA8-4D5C-9B36-20B41F16F6B1}"
EndProject
Global
	GlobalSection(SolutionConfigurationPlatforms) = preSolution
		Debug|Any CPU = Debug|Any CPU
		Release|Any CPU = Release|Any CPU
	EndGlobalSection
	GlobalSection(ProjectConfigurationPlatforms) = postSolution
		{9B7B8C87-A8DA-42D7-8288-720ADCDF7800}.Debug|Any CPU.ActiveCfg = Debug|Any CPU
		{9B7B8C87-A8DA-42D7-8288-720ADCDF7800}.Debug|Any CPU.Build.0 = Debug|Any CPU
		{9B7B8C87-A8DA-42D7-8288-720ADCDF7800}.Release|Any CPU.ActiveCfg = Release|Any CPU
		{9B7B8C87-A8DA-42D7-8288-720ADCDF7800}.Release|Any CPU.Build.0 = Release|Any CPU
		{9297FCC9-D7B4-4F6F-882F-952A4A62D0C0}.Debug|Any CPU.ActiveCfg = Debug|Any CPU
		{9297FCC9-D7B4-4F6F-882F-952A4A62D0C0}.Debug|Any CPU.Build.0 = Debug|Any CPU
		{9297FCC9-D7B4-4F6F-882F-952A4A62D0C0}.Release|Any CPU.ActiveCfg = Release|Any CPU
		{9297FCC9-D7B4-4F6F-882F-952A4A62D0C0}.Release|Any CPU.Build.0 = Release|Any CPU
		{4CC4B853-D61C-45AC-B212-7F217D75F2BA}.Debug|Any CPU.ActiveCfg = Debug|Any CPU
		{4CC4B853-D61C-45AC-B212-7F217D75F2BA}.Debug|Any CPU.Build.0 = Debug|Any CPU
		{4CC4B853-D61C-45AC-B212-7F217D75F2BA}.Release|Any CPU.ActiveCfg = Release|Any CPU
		{4CC4B853-D61C-45AC-B212-7F217D75F2BA}.Release|Any CPU.Build.0 = Release|Any CPU
		{A713EDCD-2F33-4790-8F0F-5FB288FA80C2}.Debug|Any CPU.ActiveCfg = Debug|Any CPU
		{A713EDCD-2F33-4790-8F0F-5FB288FA80C2}.Debug|Any CPU.Build.0 = Debug|Any CPU
		{A713EDCD-2F33-4790-8F0F-5FB288FA80C2}.Release|Any CPU.ActiveCfg = Release|Any CPU
		{A713EDCD-2F33-4790-8F0F-5FB288FA80C2}.Release|Any CPU.Build.0 = Release|Any CPU
		{9A7114A7-0F70-47D0-8419-6C35F124358C}.Debug|Any CPU.ActiveCfg = Debug|Any CPU
		{9A7114A7-0F70-47D0-8419-6C35F124358C}.Debug|Any CPU.Build.0 = Debug|Any CPU
		{9A7114A7-0F70-47D0-8419-6C35F124358C}.Release|Any CPU.ActiveCfg = Release|Any CPU
		{9A7114A7-0F70-47D0-8419-6C35F124358C}.Release|Any CPU.Build.0 = Release|Any CPU
		{DDFD45CA-0CA8-4D5C-9B36-20B41F16F6B1}.Debug|Any CPU.ActiveCfg = Debug|Any CPU
		{DDFD45CA-0CA8-4D5C-9B36-20B41F16F6B1}.Debug|Any CPU.Build.0 = Debug|Any CPU
		{DDFD45CA-0CA8-4D5C-9B36-20B41F16F6B1}.Release|Any CPU.ActiveCfg = Release|Any CPU
		{DDFD45CA-0CA8-4D5C-9B36-20B41F16F6B1}.Release|Any CPU.Build.0 = Release|Any CPU
	EndGlobalSection
	GlobalSection(SolutionProperties) = preSolution
		HideSolutionNode = FALSE
	EndGlobalSection
	GlobalSection(ExtensibilityGlobals) = postSolution
		SolutionGuid = {E3DACB92-1DB5-492D-8EB3-5EC20F0A113E}
	EndGlobalSection
EndGlobal
