
Microsoft Visual Studio Solution File, Format Version 12.00
# Visual Studio Version 17
VisualStudioVersion = 17.7.34031.279
MinimumVisualStudioVersion = 10.0.40219.1
Project("{9A19103F-16F7-4668-BE54-9A1E7A4F7556}") = "CarManufacturer", "CarManufacturer\CarManufacturer.csproj", "{D7C09662-3986-41FC-AA07-45F0D5C6259D}"
EndProject
Project("{FAE04EC0-301F-11D3-BF4B-00C04F79EFBC}") = "SpecialCars", "SpecialCars\SpecialCars.csproj", "{B07CD123-4F66-4A35-833F-C9EB2DE7E42F}"
EndProject
Global
	GlobalSection(SolutionConfigurationPlatforms) = preSolution
		Debug|Any CPU = Debug|Any CPU
		Release|Any CPU = Release|Any CPU
	EndGlobalSection
	GlobalSection(ProjectConfigurationPlatforms) = postSolution
		{D7C09662-3986-41FC-AA07-45F0D5C6259D}.Debug|Any CPU.ActiveCfg = Debug|Any CPU
		{D7C09662-3986-41FC-AA07-45F0D5C6259D}.Debug|Any CPU.Build.0 = Debug|Any CPU
		{D7C09662-3986-41FC-AA07-45F0D5C6259D}.Release|Any CPU.ActiveCfg = Release|Any CPU
		{D7C09662-3986-41FC-AA07-45F0D5C6259D}.Release|Any CPU.Build.0 = Release|Any CPU
		{B07CD123-4F66-4A35-833F-C9EB2DE7E42F}.Debug|Any CPU.ActiveCfg = Debug|Any CPU
		{B07CD123-4F66-4A35-833F-C9EB2DE7E42F}.Debug|Any CPU.Build.0 = Debug|Any CPU
		{B07CD123-4F66-4A35-833F-C9EB2DE7E42F}.Release|Any CPU.ActiveCfg = Release|Any CPU
		{B07CD123-4F66-4A35-833F-C9EB2DE7E42F}.Release|Any CPU.Build.0 = Release|Any CPU
	EndGlobalSection
	GlobalSection(SolutionProperties) = preSolution
		HideSolutionNode = FALSE
	EndGlobalSection
	GlobalSection(ExtensibilityGlobals) = postSolution
		SolutionGuid = {0ED267BC-1F0C-4CC7-BA0F-48B3C0D3A0FF}
	EndGlobalSection
EndGlobal
